
Microsoft Visual Studio Solution File, Format Version 12.00
# Visual Studio Version 17
VisualStudioVersion = 17.9.34728.123
MinimumVisualStudioVersion = 10.0.40219.1
Project("{FAE04EC0-301F-11D3-BF4B-00C04F79EFBC}") = "Snake", "Snake\Snake.csproj", "{470AA019-48BD-4A54-8DE3-B3B411DD2131}"
EndProject
Global
	GlobalSection(SolutionConfigurationPlatforms) = preSolution
		Debug|Any CPU = Debug|Any CPU
		Release|Any CPU = Release|Any CPU
	EndGlobalSection
	GlobalSection(ProjectConfigurationPlatforms) = postSolution
		{470AA019-48BD-4A54-8DE3-B3B411DD2131}.Debug|Any CPU.ActiveCfg = Debug|Any CPU
		{470AA019-48BD-4A54-8DE3-B3B411DD2131}.Debug|Any CPU.Build.0 = Debug|Any CPU
		{470AA019-48BD-4A54-8DE3-B3B411DD2131}.Release|Any CPU.ActiveCfg = Release|Any CPU
		{470AA019-48BD-4A54-8DE3-B3B411DD2131}.Release|Any CPU.Build.0 = Release|Any CPU
	EndGlobalSection
	GlobalSection(SolutionProperties) = preSolution
		HideSolutionNode = FALSE
	EndGlobalSection
	GlobalSection(ExtensibilityGlobals) = postSolution
		SolutionGuid = {AFA08CEA-EA03-4B02-8022-0E21EB09381E}
	EndGlobalSection
EndGlobal
